// !$*UTF8*$!
{
	archiveVersion = 1;
	classes = {
	};
	objectVersion = 46;
	objects = {

/* Begin PBXBuildFile section */
		98037FFB21B9A30A00910552 /* coin.png in Resources */ = {isa = PBXBuildFile; fileRef = 98037FFA21B9A30A00910552 /* coin.png */; };
		980911D321BF0CA700088B91 /* underwaterBack.png in Resources */ = {isa = PBXBuildFile; fileRef = 980911D221BF0CA700088B91 /* underwaterBack.png */; };
		98127EC721BDA0B80017396E /* GameOverScreen.xib in Resources */ = {isa = PBXBuildFile; fileRef = 98127EC621BDA0B80017396E /* GameOverScreen.xib */; };
		98127EC921BDD9F90017396E /* ViewControllerGO.swift in Sources */ = {isa = PBXBuildFile; fileRef = 98127EC821BDD9F90017396E /* ViewControllerGO.swift */; };
		983DBF4C219F08EF0010CDEE /* Background.jpeg in Resources */ = {isa = PBXBuildFile; fileRef = 983DBF4B219F08EF0010CDEE /* Background.jpeg */; };
		983DBF4E219F0CAE0010CDEE /* DraggedImageView.swift in Sources */ = {isa = PBXBuildFile; fileRef = 983DBF4D219F0CAE0010CDEE /* DraggedImageView.swift */; };
		9855FFB221BE8DCD0068A435 /* bigStone1.png in Resources */ = {isa = PBXBuildFile; fileRef = 9855FFA021BE8DCD0068A435 /* bigStone1.png */; };
		9855FFB321BE8DCD0068A435 /* bigStone2.png in Resources */ = {isa = PBXBuildFile; fileRef = 9855FFA121BE8DCD0068A435 /* bigStone2.png */; };
		9855FFB421BE8DCD0068A435 /* bWeed1.png in Resources */ = {isa = PBXBuildFile; fileRef = 9855FFA221BE8DCD0068A435 /* bWeed1.png */; };
		9855FFB521BE8DCD0068A435 /* bWeed2.png in Resources */ = {isa = PBXBuildFile; fileRef = 9855FFA321BE8DCD0068A435 /* bWeed2.png */; };
		9855FFB621BE8DCD0068A435 /* bWeed3.png in Resources */ = {isa = PBXBuildFile; fileRef = 9855FFA421BE8DCD0068A435 /* bWeed3.png */; };
		9855FFB721BE8DCD0068A435 /* coral1.png in Resources */ = {isa = PBXBuildFile; fileRef = 9855FFA521BE8DCD0068A435 /* coral1.png */; };
		9855FFB821BE8DCD0068A435 /* coral2.png in Resources */ = {isa = PBXBuildFile; fileRef = 9855FFA621BE8DCD0068A435 /* coral2.png */; };
		9855FFB921BE8DCD0068A435 /* crab1.png in Resources */ = {isa = PBXBuildFile; fileRef = 9855FFA721BE8DCD0068A435 /* crab1.png */; };
		9855FFBA21BE8DCD0068A435 /* crab2.png in Resources */ = {isa = PBXBuildFile; fileRef = 9855FFA821BE8DCD0068A435 /* crab2.png */; };
		9855FFBB21BE8DCD0068A435 /* seaback.png in Resources */ = {isa = PBXBuildFile; fileRef = 9855FFA921BE8DCD0068A435 /* seaback.png */; };
		9855FFBC21BE8DCD0068A435 /* seafloor.png in Resources */ = {isa = PBXBuildFile; fileRef = 9855FFAA21BE8DCD0068A435 /* seafloor.png */; };
		9855FFBD21BE8DCD0068A435 /* stone1.png in Resources */ = {isa = PBXBuildFile; fileRef = 9855FFAB21BE8DCD0068A435 /* stone1.png */; };
		9855FFBE21BE8DCD0068A435 /* stone2.png in Resources */ = {isa = PBXBuildFile; fileRef = 9855FFAC21BE8DCD0068A435 /* stone2.png */; };
		9855FFBF21BE8DCD0068A435 /* stone3.png in Resources */ = {isa = PBXBuildFile; fileRef = 9855FFAD21BE8DCD0068A435 /* stone3.png */; };
		9855FFC021BE8DCD0068A435 /* underwater_ground.png in Resources */ = {isa = PBXBuildFile; fileRef = 9855FFAE21BE8DCD0068A435 /* underwater_ground.png */; };
		9855FFC121BE8DCD0068A435 /* weed1.png in Resources */ = {isa = PBXBuildFile; fileRef = 9855FFAF21BE8DCD0068A435 /* weed1.png */; };
		9855FFC221BE8DCD0068A435 /* weed2.png in Resources */ = {isa = PBXBuildFile; fileRef = 9855FFB021BE8DCD0068A435 /* weed2.png */; };
		9855FFC321BE8DCD0068A435 /* weed3.png in Resources */ = {isa = PBXBuildFile; fileRef = 9855FFB121BE8DCD0068A435 /* weed3.png */; };
		9857AC36219D9692005E0899 /* boat_1.png in Resources */ = {isa = PBXBuildFile; fileRef = 9857AC2D219D9692005E0899 /* boat_1.png */; };
		9857AC37219D9692005E0899 /* boat_2.png in Resources */ = {isa = PBXBuildFile; fileRef = 9857AC2E219D9692005E0899 /* boat_2.png */; };
		9857AC38219D9692005E0899 /* boat_3.png in Resources */ = {isa = PBXBuildFile; fileRef = 9857AC2F219D9692005E0899 /* boat_3.png */; };
		9857AC39219D9692005E0899 /* boat_4.png in Resources */ = {isa = PBXBuildFile; fileRef = 9857AC30219D9692005E0899 /* boat_4.png */; };
		9857AC3A219D9692005E0899 /* boat_5.png in Resources */ = {isa = PBXBuildFile; fileRef = 9857AC31219D9692005E0899 /* boat_5.png */; };
		9857AC3B219D9692005E0899 /* boat_6.png in Resources */ = {isa = PBXBuildFile; fileRef = 9857AC32219D9692005E0899 /* boat_6.png */; };
		9857AC3C219D9692005E0899 /* boat_7.png in Resources */ = {isa = PBXBuildFile; fileRef = 9857AC33219D9692005E0899 /* boat_7.png */; };
		9857AC3D219D9692005E0899 /* boat_8.png in Resources */ = {isa = PBXBuildFile; fileRef = 9857AC34219D9692005E0899 /* boat_8.png */; };
		9857AC3E219D9692005E0899 /* boat_9.png in Resources */ = {isa = PBXBuildFile; fileRef = 9857AC35219D9692005E0899 /* boat_9.png */; };
		985FA38621A6C5A200DF4036 /* rock.png in Resources */ = {isa = PBXBuildFile; fileRef = 985FA38521A6C5A100DF4036 /* rock.png */; };
		9890458E21945838005A974A /* AppDelegate.swift in Sources */ = {isa = PBXBuildFile; fileRef = 9890458D21945838005A974A /* AppDelegate.swift */; };
		9890459021945838005A974A /* ViewController.swift in Sources */ = {isa = PBXBuildFile; fileRef = 9890458F21945838005A974A /* ViewController.swift */; };
		9890459321945838005A974A /* Main.storyboard in Resources */ = {isa = PBXBuildFile; fileRef = 9890459121945838005A974A /* Main.storyboard */; };
		9890459521945838005A974A /* Assets.xcassets in Resources */ = {isa = PBXBuildFile; fileRef = 9890459421945838005A974A /* Assets.xcassets */; };
		9890459821945838005A974A /* LaunchScreen.storyboard in Resources */ = {isa = PBXBuildFile; fileRef = 9890459621945838005A974A /* LaunchScreen.storyboard */; };
		989045A321945838005A974A /* _4154692_MBCourseworkTests.swift in Sources */ = {isa = PBXBuildFile; fileRef = 989045A221945838005A974A /* _4154692_MBCourseworkTests.swift */; };
		989045AE21945838005A974A /* _4154692_MBCourseworkUITests.swift in Sources */ = {isa = PBXBuildFile; fileRef = 989045AD21945838005A974A /* _4154692_MBCourseworkUITests.swift */; };
		98B6890721C59BA0000D2B88 /* shark1.png in Resources */ = {isa = PBXBuildFile; fileRef = 98B6890221C59BA0000D2B88 /* shark1.png */; };
		98B6890821C59BA0000D2B88 /* shark2.png in Resources */ = {isa = PBXBuildFile; fileRef = 98B6890321C59BA0000D2B88 /* shark2.png */; };
		98B6890921C59BA0000D2B88 /* shark3.png in Resources */ = {isa = PBXBuildFile; fileRef = 98B6890421C59BA0000D2B88 /* shark3.png */; };
		98B6890A21C59BA0000D2B88 /* shark4.png in Resources */ = {isa = PBXBuildFile; fileRef = 98B6890521C59BA0000D2B88 /* shark4.png */; };
		98B6890B21C59BA0000D2B88 /* shark5.png in Resources */ = {isa = PBXBuildFile; fileRef = 98B6890621C59BA0000D2B88 /* shark5.png */; };
/* End PBXBuildFile section */

/* Begin PBXContainerItemProxy section */
		9890459F21945838005A974A /* PBXContainerItemProxy */ = {
			isa = PBXContainerItemProxy;
			containerPortal = 9890458221945837005A974A /* Project object */;
			proxyType = 1;
			remoteGlobalIDString = 9890458921945837005A974A;
			remoteInfo = 14154692_MBCoursework;
		};
		989045AA21945838005A974A /* PBXContainerItemProxy */ = {
			isa = PBXContainerItemProxy;
			containerPortal = 9890458221945837005A974A /* Project object */;
			proxyType = 1;
			remoteGlobalIDString = 9890458921945837005A974A;
			remoteInfo = 14154692_MBCoursework;
		};
/* End PBXContainerItemProxy section */

/* Begin PBXFileReference section */
		98037FFA21B9A30A00910552 /* coin.png */ = {isa = PBXFileReference; lastKnownFileType = image.png; name = coin.png; path = Graphics/coin.png; sourceTree = SOURCE_ROOT; };
		980911D221BF0CA700088B91 /* underwaterBack.png */ = {isa = PBXFileReference; lastKnownFileType = image.png; name = underwaterBack.png; path = "Graphics/underwater Graphics/underwaterBack.png"; sourceTree = SOURCE_ROOT; };
		98127EC621BDA0B80017396E /* GameOverScreen.xib */ = {isa = PBXFileReference; fileEncoding = 4; lastKnownFileType = file.xib; path = GameOverScreen.xib; sourceTree = "<group>"; };
		98127EC821BDD9F90017396E /* ViewControllerGO.swift */ = {isa = PBXFileReference; fileEncoding = 4; lastKnownFileType = sourcecode.swift; path = ViewControllerGO.swift; sourceTree = "<group>"; };
		983DBF4B219F08EF0010CDEE /* Background.jpeg */ = {isa = PBXFileReference; lastKnownFileType = image.jpeg; name = Background.jpeg; path = Graphics/Background.jpeg; sourceTree = SOURCE_ROOT; };
		983DBF4D219F0CAE0010CDEE /* DraggedImageView.swift */ = {isa = PBXFileReference; fileEncoding = 4; lastKnownFileType = sourcecode.swift; path = DraggedImageView.swift; sourceTree = "<group>"; };
		9855FFA021BE8DCD0068A435 /* bigStone1.png */ = {isa = PBXFileReference; lastKnownFileType = image.png; name = bigStone1.png; path = "Graphics/underwater Graphics/bigStone1.png"; sourceTree = SOURCE_ROOT; };
		9855FFA121BE8DCD0068A435 /* bigStone2.png */ = {isa = PBXFileReference; lastKnownFileType = image.png; name = bigStone2.png; path = "Graphics/underwater Graphics/bigStone2.png"; sourceTree = SOURCE_ROOT; };
		9855FFA221BE8DCD0068A435 /* bWeed1.png */ = {isa = PBXFileReference; lastKnownFileType = image.png; name = bWeed1.png; path = "Graphics/underwater Graphics/bWeed1.png"; sourceTree = SOURCE_ROOT; };
		9855FFA321BE8DCD0068A435 /* bWeed2.png */ = {isa = PBXFileReference; lastKnownFileType = image.png; name = bWeed2.png; path = "Graphics/underwater Graphics/bWeed2.png"; sourceTree = SOURCE_ROOT; };
		9855FFA421BE8DCD0068A435 /* bWeed3.png */ = {isa = PBXFileReference; lastKnownFileType = image.png; name = bWeed3.png; path = "Graphics/underwater Graphics/bWeed3.png"; sourceTree = SOURCE_ROOT; };
		9855FFA521BE8DCD0068A435 /* coral1.png */ = {isa = PBXFileReference; lastKnownFileType = image.png; name = coral1.png; path = "Graphics/underwater Graphics/coral1.png"; sourceTree = SOURCE_ROOT; };
		9855FFA621BE8DCD0068A435 /* coral2.png */ = {isa = PBXFileReference; lastKnownFileType = image.png; name = coral2.png; path = "Graphics/underwater Graphics/coral2.png"; sourceTree = SOURCE_ROOT; };
		9855FFA721BE8DCD0068A435 /* crab1.png */ = {isa = PBXFileReference; lastKnownFileType = image.png; name = crab1.png; path = "Graphics/underwater Graphics/crab1.png"; sourceTree = SOURCE_ROOT; };
		9855FFA821BE8DCD0068A435 /* crab2.png */ = {isa = PBXFileReference; lastKnownFileType = image.png; name = crab2.png; path = "Graphics/underwater Graphics/crab2.png"; sourceTree = SOURCE_ROOT; };
		9855FFA921BE8DCD0068A435 /* seaback.png */ = {isa = PBXFileReference; lastKnownFileType = image.png; name = seaback.png; path = "Graphics/underwater Graphics/seaback.png"; sourceTree = SOURCE_ROOT; };
		9855FFAA21BE8DCD0068A435 /* seafloor.png */ = {isa = PBXFileReference; lastKnownFileType = image.png; name = seafloor.png; path = "Graphics/underwater Graphics/seafloor.png"; sourceTree = SOURCE_ROOT; };
		9855FFAB21BE8DCD0068A435 /* stone1.png */ = {isa = PBXFileReference; lastKnownFileType = image.png; name = stone1.png; path = "Graphics/underwater Graphics/stone1.png"; sourceTree = SOURCE_ROOT; };
		9855FFAC21BE8DCD0068A435 /* stone2.png */ = {isa = PBXFileReference; lastKnownFileType = image.png; name = stone2.png; path = "Graphics/underwater Graphics/stone2.png"; sourceTree = SOURCE_ROOT; };
		9855FFAD21BE8DCD0068A435 /* stone3.png */ = {isa = PBXFileReference; lastKnownFileType = image.png; name = stone3.png; path = "Graphics/underwater Graphics/stone3.png"; sourceTree = SOURCE_ROOT; };
		9855FFAE21BE8DCD0068A435 /* underwater_ground.png */ = {isa = PBXFileReference; lastKnownFileType = image.png; name = underwater_ground.png; path = "Graphics/underwater Graphics/underwater_ground.png"; sourceTree = SOURCE_ROOT; };
		9855FFAF21BE8DCD0068A435 /* weed1.png */ = {isa = PBXFileReference; lastKnownFileType = image.png; name = weed1.png; path = "Graphics/underwater Graphics/weed1.png"; sourceTree = SOURCE_ROOT; };
		9855FFB021BE8DCD0068A435 /* weed2.png */ = {isa = PBXFileReference; lastKnownFileType = image.png; name = weed2.png; path = "Graphics/underwater Graphics/weed2.png"; sourceTree = SOURCE_ROOT; };
		9855FFB121BE8DCD0068A435 /* weed3.png */ = {isa = PBXFileReference; lastKnownFileType = image.png; name = weed3.png; path = "Graphics/underwater Graphics/weed3.png"; sourceTree = SOURCE_ROOT; };
		9857AC2D219D9692005E0899 /* boat_1.png */ = {isa = PBXFileReference; lastKnownFileType = image.png; name = boat_1.png; path = ../Graphics/boat_1.png; sourceTree = "<group>"; };
		9857AC2E219D9692005E0899 /* boat_2.png */ = {isa = PBXFileReference; lastKnownFileType = image.png; name = boat_2.png; path = ../Graphics/boat_2.png; sourceTree = "<group>"; };
		9857AC2F219D9692005E0899 /* boat_3.png */ = {isa = PBXFileReference; lastKnownFileType = image.png; name = boat_3.png; path = ../Graphics/boat_3.png; sourceTree = "<group>"; };
		9857AC30219D9692005E0899 /* boat_4.png */ = {isa = PBXFileReference; lastKnownFileType = image.png; name = boat_4.png; path = ../Graphics/boat_4.png; sourceTree = "<group>"; };
		9857AC31219D9692005E0899 /* boat_5.png */ = {isa = PBXFileReference; lastKnownFileType = image.png; name = boat_5.png; path = ../Graphics/boat_5.png; sourceTree = "<group>"; };
		9857AC32219D9692005E0899 /* boat_6.png */ = {isa = PBXFileReference; lastKnownFileType = image.png; name = boat_6.png; path = ../Graphics/boat_6.png; sourceTree = "<group>"; };
		9857AC33219D9692005E0899 /* boat_7.png */ = {isa = PBXFileReference; lastKnownFileType = image.png; name = boat_7.png; path = ../Graphics/boat_7.png; sourceTree = "<group>"; };
		9857AC34219D9692005E0899 /* boat_8.png */ = {isa = PBXFileReference; lastKnownFileType = image.png; name = boat_8.png; path = ../Graphics/boat_8.png; sourceTree = "<group>"; };
		9857AC35219D9692005E0899 /* boat_9.png */ = {isa = PBXFileReference; lastKnownFileType = image.png; name = boat_9.png; path = ../Graphics/boat_9.png; sourceTree = "<group>"; };
		985FA38521A6C5A100DF4036 /* rock.png */ = {isa = PBXFileReference; lastKnownFileType = image.png; name = rock.png; path = ../Graphics/rock.png; sourceTree = "<group>"; };
		9890458A21945837005A974A /* 14154692_MBCoursework.app */ = {isa = PBXFileReference; explicitFileType = wrapper.application; includeInIndex = 0; path = 14154692_MBCoursework.app; sourceTree = BUILT_PRODUCTS_DIR; };
		9890458D21945838005A974A /* AppDelegate.swift */ = {isa = PBXFileReference; lastKnownFileType = sourcecode.swift; path = AppDelegate.swift; sourceTree = "<group>"; };
		9890458F21945838005A974A /* ViewController.swift */ = {isa = PBXFileReference; lastKnownFileType = sourcecode.swift; path = ViewController.swift; sourceTree = "<group>"; };
		9890459221945838005A974A /* Base */ = {isa = PBXFileReference; lastKnownFileType = file.storyboard; name = Base; path = Base.lproj/Main.storyboard; sourceTree = "<group>"; };
		9890459421945838005A974A /* Assets.xcassets */ = {isa = PBXFileReference; lastKnownFileType = folder.assetcatalog; path = Assets.xcassets; sourceTree = "<group>"; };
		9890459721945838005A974A /* Base */ = {isa = PBXFileReference; lastKnownFileType = file.storyboard; name = Base; path = Base.lproj/LaunchScreen.storyboard; sourceTree = "<group>"; };
		9890459921945838005A974A /* Info.plist */ = {isa = PBXFileReference; lastKnownFileType = text.plist.xml; path = Info.plist; sourceTree = "<group>"; };
		9890459E21945838005A974A /* 14154692_MBCourseworkTests.xctest */ = {isa = PBXFileReference; explicitFileType = wrapper.cfbundle; includeInIndex = 0; path = 14154692_MBCourseworkTests.xctest; sourceTree = BUILT_PRODUCTS_DIR; };
		989045A221945838005A974A /* _4154692_MBCourseworkTests.swift */ = {isa = PBXFileReference; lastKnownFileType = sourcecode.swift; path = _4154692_MBCourseworkTests.swift; sourceTree = "<group>"; };
		989045A421945838005A974A /* Info.plist */ = {isa = PBXFileReference; lastKnownFileType = text.plist.xml; path = Info.plist; sourceTree = "<group>"; };
		989045A921945838005A974A /* 14154692_MBCourseworkUITests.xctest */ = {isa = PBXFileReference; explicitFileType = wrapper.cfbundle; includeInIndex = 0; path = 14154692_MBCourseworkUITests.xctest; sourceTree = BUILT_PRODUCTS_DIR; };
		989045AD21945838005A974A /* _4154692_MBCourseworkUITests.swift */ = {isa = PBXFileReference; lastKnownFileType = sourcecode.swift; path = _4154692_MBCourseworkUITests.swift; sourceTree = "<group>"; };
		989045AF21945838005A974A /* Info.plist */ = {isa = PBXFileReference; lastKnownFileType = text.plist.xml; path = Info.plist; sourceTree = "<group>"; };
		98B6890221C59BA0000D2B88 /* shark1.png */ = {isa = PBXFileReference; lastKnownFileType = image.png; name = shark1.png; path = Graphics/shark1.png; sourceTree = SOURCE_ROOT; };
		98B6890321C59BA0000D2B88 /* shark2.png */ = {isa = PBXFileReference; lastKnownFileType = image.png; name = shark2.png; path = Graphics/shark2.png; sourceTree = SOURCE_ROOT; };
		98B6890421C59BA0000D2B88 /* shark3.png */ = {isa = PBXFileReference; lastKnownFileType = image.png; name = shark3.png; path = Graphics/shark3.png; sourceTree = SOURCE_ROOT; };
		98B6890521C59BA0000D2B88 /* shark4.png */ = {isa = PBXFileReference; lastKnownFileType = image.png; name = shark4.png; path = Graphics/shark4.png; sourceTree = SOURCE_ROOT; };
		98B6890621C59BA0000D2B88 /* shark5.png */ = {isa = PBXFileReference; lastKnownFileType = image.png; name = shark5.png; path = Graphics/shark5.png; sourceTree = SOURCE_ROOT; };
/* End PBXFileReference section */

/* Begin PBXFrameworksBuildPhase section */
		9890458721945837005A974A /* Frameworks */ = {
			isa = PBXFrameworksBuildPhase;
			buildActionMask = 2147483647;
			files = (
			);
			runOnlyForDeploymentPostprocessing = 0;
		};
		9890459B21945838005A974A /* Frameworks */ = {
			isa = PBXFrameworksBuildPhase;
			buildActionMask = 2147483647;
			files = (
			);
			runOnlyForDeploymentPostprocessing = 0;
		};
		989045A621945838005A974A /* Frameworks */ = {
			isa = PBXFrameworksBuildPhase;
			buildActionMask = 2147483647;
			files = (
			);
			runOnlyForDeploymentPostprocessing = 0;
		};
/* End PBXFrameworksBuildPhase section */

/* Begin PBXGroup section */
		9890458121945837005A974A = {
			isa = PBXGroup;
			children = (
				9890458C21945837005A974A /* 14154692_MBCoursework */,
				989045A121945838005A974A /* 14154692_MBCourseworkTests */,
				989045AC21945838005A974A /* 14154692_MBCourseworkUITests */,
				9890458B21945837005A974A /* Products */,
			);
			sourceTree = "<group>";
		};
		9890458B21945837005A974A /* Products */ = {
			isa = PBXGroup;
			children = (
				9890458A21945837005A974A /* 14154692_MBCoursework.app */,
				9890459E21945838005A974A /* 14154692_MBCourseworkTests.xctest */,
				989045A921945838005A974A /* 14154692_MBCourseworkUITests.xctest */,
			);
			name = Products;
			sourceTree = "<group>";
		};
		9890458C21945837005A974A /* 14154692_MBCoursework */ = {
			isa = PBXGroup;
			children = (
				98B6890221C59BA0000D2B88 /* shark1.png */,
				98B6890321C59BA0000D2B88 /* shark2.png */,
				98B6890421C59BA0000D2B88 /* shark3.png */,
				98B6890521C59BA0000D2B88 /* shark4.png */,
				98B6890621C59BA0000D2B88 /* shark5.png */,
				980911D221BF0CA700088B91 /* underwaterBack.png */,
				9855FFA021BE8DCD0068A435 /* bigStone1.png */,
				9855FFA121BE8DCD0068A435 /* bigStone2.png */,
				9855FFA221BE8DCD0068A435 /* bWeed1.png */,
				9855FFA321BE8DCD0068A435 /* bWeed2.png */,
				9855FFA421BE8DCD0068A435 /* bWeed3.png */,
				9855FFA521BE8DCD0068A435 /* coral1.png */,
				9855FFA621BE8DCD0068A435 /* coral2.png */,
				9855FFA721BE8DCD0068A435 /* crab1.png */,
				9855FFA821BE8DCD0068A435 /* crab2.png */,
				9855FFA921BE8DCD0068A435 /* seaback.png */,
				9855FFAA21BE8DCD0068A435 /* seafloor.png */,
				9855FFAB21BE8DCD0068A435 /* stone1.png */,
				9855FFAC21BE8DCD0068A435 /* stone2.png */,
				9855FFAD21BE8DCD0068A435 /* stone3.png */,
				9855FFAE21BE8DCD0068A435 /* underwater_ground.png */,
				9855FFAF21BE8DCD0068A435 /* weed1.png */,
				9855FFB021BE8DCD0068A435 /* weed2.png */,
				9855FFB121BE8DCD0068A435 /* weed3.png */,
				98037FFA21B9A30A00910552 /* coin.png */,
				985FA38521A6C5A100DF4036 /* rock.png */,
				9857AC2D219D9692005E0899 /* boat_1.png */,
				9857AC2E219D9692005E0899 /* boat_2.png */,
				9857AC2F219D9692005E0899 /* boat_3.png */,
				9857AC30219D9692005E0899 /* boat_4.png */,
				9857AC31219D9692005E0899 /* boat_5.png */,
				9857AC32219D9692005E0899 /* boat_6.png */,
				9857AC33219D9692005E0899 /* boat_7.png */,
				9857AC34219D9692005E0899 /* boat_8.png */,
				9857AC35219D9692005E0899 /* boat_9.png */,
				9890458D21945838005A974A /* AppDelegate.swift */,
				9890458F21945838005A974A /* ViewController.swift */,
				983DBF4D219F0CAE0010CDEE /* DraggedImageView.swift */,
				9890459121945838005A974A /* Main.storyboard */,
				983DBF4B219F08EF0010CDEE /* Background.jpeg */,
				9890459421945838005A974A /* Assets.xcassets */,
				9890459621945838005A974A /* LaunchScreen.storyboard */,
				9890459921945838005A974A /* Info.plist */,
				98127EC621BDA0B80017396E /* GameOverScreen.xib */,
				98127EC821BDD9F90017396E /* ViewControllerGO.swift */,
			);
			path = 14154692_MBCoursework;
			sourceTree = "<group>";
		};
		989045A121945838005A974A /* 14154692_MBCourseworkTests */ = {
			isa = PBXGroup;
			children = (
				989045A221945838005A974A /* _4154692_MBCourseworkTests.swift */,
				989045A421945838005A974A /* Info.plist */,
			);
			path = 14154692_MBCourseworkTests;
			sourceTree = "<group>";
		};
		989045AC21945838005A974A /* 14154692_MBCourseworkUITests */ = {
			isa = PBXGroup;
			children = (
				989045AD21945838005A974A /* _4154692_MBCourseworkUITests.swift */,
				989045AF21945838005A974A /* Info.plist */,
			);
			path = 14154692_MBCourseworkUITests;
			sourceTree = "<group>";
		};
/* End PBXGroup section */

/* Begin PBXNativeTarget section */
		9890458921945837005A974A /* 14154692_MBCoursework */ = {
			isa = PBXNativeTarget;
			buildConfigurationList = 989045B221945838005A974A /* Build configuration list for PBXNativeTarget "14154692_MBCoursework" */;
			buildPhases = (
				9890458621945837005A974A /* Sources */,
				9890458721945837005A974A /* Frameworks */,
				9890458821945837005A974A /* Resources */,
			);
			buildRules = (
			);
			dependencies = (
			);
			name = 14154692_MBCoursework;
			productName = 14154692_MBCoursework;
			productReference = 9890458A21945837005A974A /* 14154692_MBCoursework.app */;
			productType = "com.apple.product-type.application";
		};
		9890459D21945838005A974A /* 14154692_MBCourseworkTests */ = {
			isa = PBXNativeTarget;
			buildConfigurationList = 989045B521945838005A974A /* Build configuration list for PBXNativeTarget "14154692_MBCourseworkTests" */;
			buildPhases = (
				9890459A21945838005A974A /* Sources */,
				9890459B21945838005A974A /* Frameworks */,
				9890459C21945838005A974A /* Resources */,
			);
			buildRules = (
			);
			dependencies = (
				989045A021945838005A974A /* PBXTargetDependency */,
			);
			name = 14154692_MBCourseworkTests;
			productName = 14154692_MBCourseworkTests;
			productReference = 9890459E21945838005A974A /* 14154692_MBCourseworkTests.xctest */;
			productType = "com.apple.product-type.bundle.unit-test";
		};
		989045A821945838005A974A /* 14154692_MBCourseworkUITests */ = {
			isa = PBXNativeTarget;
			buildConfigurationList = 989045B821945838005A974A /* Build configuration list for PBXNativeTarget "14154692_MBCourseworkUITests" */;
			buildPhases = (
				989045A521945838005A974A /* Sources */,
				989045A621945838005A974A /* Frameworks */,
				989045A721945838005A974A /* Resources */,
			);
			buildRules = (
			);
			dependencies = (
				989045AB21945838005A974A /* PBXTargetDependency */,
			);
			name = 14154692_MBCourseworkUITests;
			productName = 14154692_MBCourseworkUITests;
			productReference = 989045A921945838005A974A /* 14154692_MBCourseworkUITests.xctest */;
			productType = "com.apple.product-type.bundle.ui-testing";
		};
/* End PBXNativeTarget section */

/* Begin PBXProject section */
		9890458221945837005A974A /* Project object */ = {
			isa = PBXProject;
			attributes = {
				LastSwiftUpdateCheck = 0830;
				LastUpgradeCheck = 0830;
				ORGANIZATIONNAME = "Gerron Tinoy";
				TargetAttributes = {
					9890458921945837005A974A = {
						CreatedOnToolsVersion = 8.3.3;
						DevelopmentTeam = 2782HQQQ9M;
						ProvisioningStyle = Automatic;
					};
					9890459D21945838005A974A = {
						CreatedOnToolsVersion = 8.3.3;
						ProvisioningStyle = Automatic;
						TestTargetID = 9890458921945837005A974A;
					};
					989045A821945838005A974A = {
						CreatedOnToolsVersion = 8.3.3;
						ProvisioningStyle = Automatic;
						TestTargetID = 9890458921945837005A974A;
					};
				};
			};
			buildConfigurationList = 9890458521945837005A974A /* Build configuration list for PBXProject "14154692_MBCoursework" */;
			compatibilityVersion = "Xcode 3.2";
			developmentRegion = English;
			hasScannedForEncodings = 0;
			knownRegions = (
				en,
				Base,
			);
			mainGroup = 9890458121945837005A974A;
			productRefGroup = 9890458B21945837005A974A /* Products */;
			projectDirPath = "";
			projectRoot = "";
			targets = (
				9890458921945837005A974A /* 14154692_MBCoursework */,
				9890459D21945838005A974A /* 14154692_MBCourseworkTests */,
				989045A821945838005A974A /* 14154692_MBCourseworkUITests */,
			);
		};
/* End PBXProject section */

/* Begin PBXResourcesBuildPhase section */
		9890458821945837005A974A /* Resources */ = {
			isa = PBXResourcesBuildPhase;
			buildActionMask = 2147483647;
			files = (
				9857AC3D219D9692005E0899 /* boat_8.png in Resources */,
				98B6890821C59BA0000D2B88 /* shark2.png in Resources */,
				9855FFB321BE8DCD0068A435 /* bigStone2.png in Resources */,
				9857AC39219D9692005E0899 /* boat_4.png in Resources */,
				9857AC37219D9692005E0899 /* boat_2.png in Resources */,
				9857AC3B219D9692005E0899 /* boat_6.png in Resources */,
				9890459821945838005A974A /* LaunchScreen.storyboard in Resources */,
				9855FFB421BE8DCD0068A435 /* bWeed1.png in Resources */,
				9890459521945838005A974A /* Assets.xcassets in Resources */,
				9857AC3C219D9692005E0899 /* boat_7.png in Resources */,
				9890459321945838005A974A /* Main.storyboard in Resources */,
				980911D321BF0CA700088B91 /* underwaterBack.png in Resources */,
				983DBF4C219F08EF0010CDEE /* Background.jpeg in Resources */,
				9855FFB721BE8DCD0068A435 /* coral1.png in Resources */,
				9855FFBE21BE8DCD0068A435 /* stone2.png in Resources */,
				9855FFBF21BE8DCD0068A435 /* stone3.png in Resources */,
				98127EC721BDA0B80017396E /* GameOverScreen.xib in Resources */,
				9857AC36219D9692005E0899 /* boat_1.png in Resources */,
				9855FFBC21BE8DCD0068A435 /* seafloor.png in Resources */,
				9855FFB621BE8DCD0068A435 /* bWeed3.png in Resources */,
				9855FFC121BE8DCD0068A435 /* weed1.png in Resources */,
				98B6890921C59BA0000D2B88 /* shark3.png in Resources */,
				985FA38621A6C5A200DF4036 /* rock.png in Resources */,
				98037FFB21B9A30A00910552 /* coin.png in Resources */,
				9857AC38219D9692005E0899 /* boat_3.png in Resources */,
				9855FFB221BE8DCD0068A435 /* bigStone1.png in Resources */,
				9857AC3A219D9692005E0899 /* boat_5.png in Resources */,
				9855FFBB21BE8DCD0068A435 /* seaback.png in Resources */,
				9855FFBA21BE8DCD0068A435 /* crab2.png in Resources */,
				9855FFBD21BE8DCD0068A435 /* stone1.png in Resources */,
				9855FFB821BE8DCD0068A435 /* coral2.png in Resources */,
				9855FFC321BE8DCD0068A435 /* weed3.png in Resources */,
				98B6890A21C59BA0000D2B88 /* shark4.png in Resources */,
				9855FFB921BE8DCD0068A435 /* crab1.png in Resources */,
				9855FFB521BE8DCD0068A435 /* bWeed2.png in Resources */,
				98B6890B21C59BA0000D2B88 /* shark5.png in Resources */,
				9857AC3E219D9692005E0899 /* boat_9.png in Resources */,
				9855FFC021BE8DCD0068A435 /* underwater_ground.png in Resources */,
				9855FFC221BE8DCD0068A435 /* weed2.png in Resources */,
				98B6890721C59BA0000D2B88 /* shark1.png in Resources */,
			);
			runOnlyForDeploymentPostprocessing = 0;
		};
		9890459C21945838005A974A /* Resources */ = {
			isa = PBXResourcesBuildPhase;
			buildActionMask = 2147483647;
			files = (
			);
			runOnlyForDeploymentPostprocessing = 0;
		};
		989045A721945838005A974A /* Resources */ = {
			isa = PBXResourcesBuildPhase;
			buildActionMask = 2147483647;
			files = (
			);
			runOnlyForDeploymentPostprocessing = 0;
		};
/* End PBXResourcesBuildPhase section */

/* Begin PBXSourcesBuildPhase section */
		9890458621945837005A974A /* Sources */ = {
			isa = PBXSourcesBuildPhase;
			buildActionMask = 2147483647;
			files = (
				9890459021945838005A974A /* ViewController.swift in Sources */,
				983DBF4E219F0CAE0010CDEE /* DraggedImageView.swift in Sources */,
				98127EC921BDD9F90017396E /* ViewControllerGO.swift in Sources */,
				9890458E21945838005A974A /* AppDelegate.swift in Sources */,
			);
			runOnlyForDeploymentPostprocessing = 0;
		};
		9890459A21945838005A974A /* Sources */ = {
			isa = PBXSourcesBuildPhase;
			buildActionMask = 2147483647;
			files = (
				989045A321945838005A974A /* _4154692_MBCourseworkTests.swift in Sources */,
			);
			runOnlyForDeploymentPostprocessing = 0;
		};
		989045A521945838005A974A /* Sources */ = {
			isa = PBXSourcesBuildPhase;
			buildActionMask = 2147483647;
			files = (
				989045AE21945838005A974A /* _4154692_MBCourseworkUITests.swift in Sources */,
			);
			runOnlyForDeploymentPostprocessing = 0;
		};
/* End PBXSourcesBuildPhase section */

/* Begin PBXTargetDependency section */
		989045A021945838005A974A /* PBXTargetDependency */ = {
			isa = PBXTargetDependency;
			target = 9890458921945837005A974A /* 14154692_MBCoursework */;
			targetProxy = 9890459F21945838005A974A /* PBXContainerItemProxy */;
		};
		989045AB21945838005A974A /* PBXTargetDependency */ = {
			isa = PBXTargetDependency;
			target = 9890458921945837005A974A /* 14154692_MBCoursework */;
			targetProxy = 989045AA21945838005A974A /* PBXContainerItemProxy */;
		};
/* End PBXTargetDependency section */

/* Begin PBXVariantGroup section */
		9890459121945838005A974A /* Main.storyboard */ = {
			isa = PBXVariantGroup;
			children = (
				9890459221945838005A974A /* Base */,
			);
			name = Main.storyboard;
			sourceTree = "<group>";
		};
		9890459621945838005A974A /* LaunchScreen.storyboard */ = {
			isa = PBXVariantGroup;
			children = (
				9890459721945838005A974A /* Base */,
			);
			name = LaunchScreen.storyboard;
			sourceTree = "<group>";
		};
/* End PBXVariantGroup section */

/* Begin XCBuildConfiguration section */
		989045B021945838005A974A /* Debug */ = {
			isa = XCBuildConfiguration;
			buildSettings = {
				ALWAYS_SEARCH_USER_PATHS = NO;
				CLANG_ANALYZER_NONNULL = YES;
				CLANG_ANALYZER_NUMBER_OBJECT_CONVERSION = YES_AGGRESSIVE;
				CLANG_CXX_LANGUAGE_STANDARD = "gnu++0x";
				CLANG_CXX_LIBRARY = "libc++";
				CLANG_ENABLE_MODULES = YES;
				CLANG_ENABLE_OBJC_ARC = YES;
				CLANG_WARN_BOOL_CONVERSION = YES;
				CLANG_WARN_CONSTANT_CONVERSION = YES;
				CLANG_WARN_DIRECT_OBJC_ISA_USAGE = YES_ERROR;
				CLANG_WARN_DOCUMENTATION_COMMENTS = YES;
				CLANG_WARN_EMPTY_BODY = YES;
				CLANG_WARN_ENUM_CONVERSION = YES;
				CLANG_WARN_INFINITE_RECURSION = YES;
				CLANG_WARN_INT_CONVERSION = YES;
				CLANG_WARN_OBJC_ROOT_CLASS = YES_ERROR;
				CLANG_WARN_SUSPICIOUS_MOVE = YES;
				CLANG_WARN_UNREACHABLE_CODE = YES;
				CLANG_WARN__DUPLICATE_METHOD_MATCH = YES;
				"CODE_SIGN_IDENTITY[sdk=iphoneos*]" = "iPhone Developer";
				COPY_PHASE_STRIP = NO;
				DEBUG_INFORMATION_FORMAT = dwarf;
				ENABLE_STRICT_OBJC_MSGSEND = YES;
				ENABLE_TESTABILITY = YES;
				GCC_C_LANGUAGE_STANDARD = gnu99;
				GCC_DYNAMIC_NO_PIC = NO;
				GCC_NO_COMMON_BLOCKS = YES;
				GCC_OPTIMIZATION_LEVEL = 0;
				GCC_PREPROCESSOR_DEFINITIONS = (
					"DEBUG=1",
					"$(inherited)",
				);
				GCC_WARN_64_TO_32_BIT_CONVERSION = YES;
				GCC_WARN_ABOUT_RETURN_TYPE = YES_ERROR;
				GCC_WARN_UNDECLARED_SELECTOR = YES;
				GCC_WARN_UNINITIALIZED_AUTOS = YES_AGGRESSIVE;
				GCC_WARN_UNUSED_FUNCTION = YES;
				GCC_WARN_UNUSED_VARIABLE = YES;
				IPHONEOS_DEPLOYMENT_TARGET = 10.3;
				MTL_ENABLE_DEBUG_INFO = YES;
				ONLY_ACTIVE_ARCH = YES;
				SDKROOT = iphoneos;
				SWIFT_ACTIVE_COMPILATION_CONDITIONS = DEBUG;
				SWIFT_OPTIMIZATION_LEVEL = "-Onone";
				TARGETED_DEVICE_FAMILY = "1,2";
			};
			name = Debug;
		};
		989045B121945838005A974A /* Release */ = {
			isa = XCBuildConfiguration;
			buildSettings = {
				ALWAYS_SEARCH_USER_PATHS = NO;
				CLANG_ANALYZER_NONNULL = YES;
				CLANG_ANALYZER_NUMBER_OBJECT_CONVERSION = YES_AGGRESSIVE;
				CLANG_CXX_LANGUAGE_STANDARD = "gnu++0x";
				CLANG_CXX_LIBRARY = "libc++";
				CLANG_ENABLE_MODULES = YES;
				CLANG_ENABLE_OBJC_ARC = YES;
				CLANG_WARN_BOOL_CONVERSION = YES;
				CLANG_WARN_CONSTANT_CONVERSION = YES;
				CLANG_WARN_DIRECT_OBJC_ISA_USAGE = YES_ERROR;
				CLANG_WARN_DOCUMENTATION_COMMENTS = YES;
				CLANG_WARN_EMPTY_BODY = YES;
				CLANG_WARN_ENUM_CONVERSION = YES;
				CLANG_WARN_INFINITE_RECURSION = YES;
				CLANG_WARN_INT_CONVERSION = YES;
				CLANG_WARN_OBJC_ROOT_CLASS = YES_ERROR;
				CLANG_WARN_SUSPICIOUS_MOVE = YES;
				CLANG_WARN_UNREACHABLE_CODE = YES;
				CLANG_WARN__DUPLICATE_METHOD_MATCH = YES;
				"CODE_SIGN_IDENTITY[sdk=iphoneos*]" = "iPhone Developer";
				COPY_PHASE_STRIP = NO;
				DEBUG_INFORMATION_FORMAT = "dwarf-with-dsym";
				ENABLE_NS_ASSERTIONS = NO;
				ENABLE_STRICT_OBJC_MSGSEND = YES;
				GCC_C_LANGUAGE_STANDARD = gnu99;
				GCC_NO_COMMON_BLOCKS = YES;
				GCC_WARN_64_TO_32_BIT_CONVERSION = YES;
				GCC_WARN_ABOUT_RETURN_TYPE = YES_ERROR;
				GCC_WARN_UNDECLARED_SELECTOR = YES;
				GCC_WARN_UNINITIALIZED_AUTOS = YES_AGGRESSIVE;
				GCC_WARN_UNUSED_FUNCTION = YES;
				GCC_WARN_UNUSED_VARIABLE = YES;
				IPHONEOS_DEPLOYMENT_TARGET = 10.3;
				MTL_ENABLE_DEBUG_INFO = NO;
				SDKROOT = iphoneos;
				SWIFT_OPTIMIZATION_LEVEL = "-Owholemodule";
				TARGETED_DEVICE_FAMILY = "1,2";
				VALIDATE_PRODUCT = YES;
			};
			name = Release;
		};
		989045B321945838005A974A /* Debug */ = {
			isa = XCBuildConfiguration;
			buildSettings = {
				ASSETCATALOG_COMPILER_APPICON_NAME = AppIcon;
				DEVELOPMENT_TEAM = 2782HQQQ9M;
				INFOPLIST_FILE = 14154692_MBCoursework/Info.plist;
				LD_RUNPATH_SEARCH_PATHS = "$(inherited) @executable_path/Frameworks";
				PRODUCT_BUNDLE_IDENTIFIER = "gerron.-4154692-MBCoursework";
				PRODUCT_NAME = "$(TARGET_NAME)";
				SWIFT_VERSION = 3.0;
			};
			name = Debug;
		};
		989045B421945838005A974A /* Release */ = {
			isa = XCBuildConfiguration;
			buildSettings = {
				ASSETCATALOG_COMPILER_APPICON_NAME = AppIcon;
				DEVELOPMENT_TEAM = 2782HQQQ9M;
				INFOPLIST_FILE = 14154692_MBCoursework/Info.plist;
				LD_RUNPATH_SEARCH_PATHS = "$(inherited) @executable_path/Frameworks";
				PRODUCT_BUNDLE_IDENTIFIER = "gerron.-4154692-MBCoursework";
				PRODUCT_NAME = "$(TARGET_NAME)";
				SWIFT_VERSION = 3.0;
			};
			name = Release;
		};
		989045B621945838005A974A /* Debug */ = {
			isa = XCBuildConfiguration;
			buildSettings = {
				ALWAYS_EMBED_SWIFT_STANDARD_LIBRARIES = YES;
				BUNDLE_LOADER = "$(TEST_HOST)";
				INFOPLIST_FILE = 14154692_MBCourseworkTests/Info.plist;
				LD_RUNPATH_SEARCH_PATHS = "$(inherited) @executable_path/Frameworks @loader_path/Frameworks";
				PRODUCT_BUNDLE_IDENTIFIER = "gerron.-4154692-MBCourseworkTests";
				PRODUCT_NAME = "$(TARGET_NAME)";
				SWIFT_VERSION = 3.0;
				TEST_HOST = "$(BUILT_PRODUCTS_DIR)/14154692_MBCoursework.app/14154692_MBCoursework";
			};
			name = Debug;
		};
		989045B721945838005A974A /* Release */ = {
			isa = XCBuildConfiguration;
			buildSettings = {
				ALWAYS_EMBED_SWIFT_STANDARD_LIBRARIES = YES;
				BUNDLE_LOADER = "$(TEST_HOST)";
				INFOPLIST_FILE = 14154692_MBCourseworkTests/Info.plist;
				LD_RUNPATH_SEARCH_PATHS = "$(inherited) @executable_path/Frameworks @loader_path/Frameworks";
				PRODUCT_BUNDLE_IDENTIFIER = "gerron.-4154692-MBCourseworkTests";
				PRODUCT_NAME = "$(TARGET_NAME)";
				SWIFT_VERSION = 3.0;
				TEST_HOST = "$(BUILT_PRODUCTS_DIR)/14154692_MBCoursework.app/14154692_MBCoursework";
			};
			name = Release;
		};
		989045B921945838005A974A /* Debug */ = {
			isa = XCBuildConfiguration;
			buildSettings = {
				ALWAYS_EMBED_SWIFT_STANDARD_LIBRARIES = YES;
				INFOPLIST_FILE = 14154692_MBCourseworkUITests/Info.plist;
				LD_RUNPATH_SEARCH_PATHS = "$(inherited) @executable_path/Frameworks @loader_path/Frameworks";
				PRODUCT_BUNDLE_IDENTIFIER = "gerron.-4154692-MBCourseworkUITests";
				PRODUCT_NAME = "$(TARGET_NAME)";
				SWIFT_VERSION = 3.0;
				TEST_TARGET_NAME = 14154692_MBCoursework;
			};
			name = Debug;
		};
		989045BA21945838005A974A /* Release */ = {
			isa = XCBuildConfiguration;
			buildSettings = {
				ALWAYS_EMBED_SWIFT_STANDARD_LIBRARIES = YES;
				INFOPLIST_FILE = 14154692_MBCourseworkUITests/Info.plist;
				LD_RUNPATH_SEARCH_PATHS = "$(inherited) @executable_path/Frameworks @loader_path/Frameworks";
				PRODUCT_BUNDLE_IDENTIFIER = "gerron.-4154692-MBCourseworkUITests";
				PRODUCT_NAME = "$(TARGET_NAME)";
				SWIFT_VERSION = 3.0;
				TEST_TARGET_NAME = 14154692_MBCoursework;
			};
			name = Release;
		};
/* End XCBuildConfiguration section */

/* Begin XCConfigurationList section */
		9890458521945837005A974A /* Build configuration list for PBXProject "14154692_MBCoursework" */ = {
			isa = XCConfigurationList;
			buildConfigurations = (
				989045B021945838005A974A /* Debug */,
				989045B121945838005A974A /* Release */,
			);
			defaultConfigurationIsVisible = 0;
			defaultConfigurationName = Release;
		};
		989045B221945838005A974A /* Build configuration list for PBXNativeTarget "14154692_MBCoursework" */ = {
			isa = XCConfigurationList;
			buildConfigurations = (
				989045B321945838005A974A /* Debug */,
				989045B421945838005A974A /* Release */,
			);
			defaultConfigurationIsVisible = 0;
			defaultConfigurationName = Release;
		};
		989045B521945838005A974A /* Build configuration list for PBXNativeTarget "14154692_MBCourseworkTests" */ = {
			isa = XCConfigurationList;
			buildConfigurations = (
				989045B621945838005A974A /* Debug */,
				989045B721945838005A974A /* Release */,
			);
			defaultConfigurationIsVisible = 0;
			defaultConfigurationName = Release;
		};
		989045B821945838005A974A /* Build configuration list for PBXNativeTarget "14154692_MBCourseworkUITests" */ = {
			isa = XCConfigurationList;
			buildConfigurations = (
				989045B921945838005A974A /* Debug */,
				989045BA21945838005A974A /* Release */,
			);
			defaultConfigurationIsVisible = 0;
			defaultConfigurationName = Release;
		};
/* End XCConfigurationList section */
	};
	rootObject = 9890458221945837005A974A /* Project object */;
}
